# This file is generated by running "yarn install" inside your project.
# Manual changes might be lost - proceed with caution!

__metadata:
  version: 8
  cacheKey: 10c0

"classnames@npm:^2.3.2":
  version: 2.5.1
  resolution: "classnames@npm:2.5.1::__archiveUrl=https%3A%2F%2Fpackages.atlassian.com%2Fapi%2Fnpm%2Fnpm-remote%2Fclassnames%2F-%2Fclassnames-2.5.1.tgz"
  checksum: 10c0/afff4f77e62cea2d79c39962980bf316bacb0d7c49e13a21adaadb9221e1c6b9d3cdb829d8bb1b23c406f4e740507f37e1dcf506f7e3b7113d17c5bab787aa69
  languageName: node
  linkType: hard

"example@workspace:.":
  version: 0.0.0-use.local
  resolution: "example@workspace:."
  dependencies:
    classnames: "npm:^2.3.2"
  languageName: unknown
  linkType: soft
